// !$*UTF8*$!
{
	archiveVersion = 1;
	classes = {
	};
	objectVersion = 46;
	objects = {

/* Begin PBXBuildFile section */
		B3C7A1BA1D76E38F00C36904 /* IntegerToAscii.m in Sources */ = {isa = PBXBuildFile; fileRef = B3C7A1B91D76E38F00C36904 /* IntegerToAscii.m */; };
		B3D43E0F1D76C70E006D37A8 /* main.m in Sources */ = {isa = PBXBuildFile; fileRef = B3D43E0E1D76C70E006D37A8 /* main.m */; };
		B3D43E121D76C70E006D37A8 /* AppDelegate.m in Sources */ = {isa = PBXBuildFile; fileRef = B3D43E111D76C70E006D37A8 /* AppDelegate.m */; };
		B3D43E151D76C70E006D37A8 /* ViewController.m in Sources */ = {isa = PBXBuildFile; fileRef = B3D43E141D76C70E006D37A8 /* ViewController.m */; };
		B3D43E181D76C70E006D37A8 /* Main.storyboard in Resources */ = {isa = PBXBuildFile; fileRef = B3D43E161D76C70E006D37A8 /* Main.storyboard */; };
		B3D43E1A1D76C70E006D37A8 /* Assets.xcassets in Resources */ = {isa = PBXBuildFile; fileRef = B3D43E191D76C70E006D37A8 /* Assets.xcassets */; };
		B3D43E1D1D76C70E006D37A8 /* LaunchScreen.storyboard in Resources */ = {isa = PBXBuildFile; fileRef = B3D43E1B1D76C70E006D37A8 /* LaunchScreen.storyboard */; };
		B3D43E301D76C9A6006D37A8 /* Stack.m in Sources */ = {isa = PBXBuildFile; fileRef = B3D43E2F1D76C9A6006D37A8 /* Stack.m */; };
		B3D43E341D76CB86006D37A8 /* BalancedParanthesises.m in Sources */ = {isa = PBXBuildFile; fileRef = B3D43E331D76CB86006D37A8 /* BalancedParanthesises.m */; };
		B3D43E3C1D76D066006D37A8 /* JokkmokkBalancedParanthesisesTests.m in Sources */ = {isa = PBXBuildFile; fileRef = B3D43E3B1D76D066006D37A8 /* JokkmokkBalancedParanthesisesTests.m */; };
		B3F2618E1D76E591006D0771 /* JokkmokkIntegerToAsciiTests.m in Sources */ = {isa = PBXBuildFile; fileRef = B3F2618D1D76E591006D0771 /* JokkmokkIntegerToAsciiTests.m */; };
		B3F261921D76E7BB006D0771 /* Fibonacci.m in Sources */ = {isa = PBXBuildFile; fileRef = B3F261911D76E7BB006D0771 /* Fibonacci.m */; };
		B3F261971D76E8F9006D0771 /* JokkmokkFibonacciTests.m in Sources */ = {isa = PBXBuildFile; fileRef = B3F261961D76E8F9006D0771 /* JokkmokkFibonacciTests.m */; };
		B3F2619B1D76F5CE006D0771 /* SortUsers.m in Sources */ = {isa = PBXBuildFile; fileRef = B3F2619A1D76F5CE006D0771 /* SortUsers.m */; };
		B3F2619F1D774DAD006D0771 /* JokkmokkSortUserTests.m in Sources */ = {isa = PBXBuildFile; fileRef = B3F2619E1D774DAD006D0771 /* JokkmokkSortUserTests.m */; };
/* End PBXBuildFile section */

/* Begin PBXContainerItemProxy section */
		B3D43E3E1D76D066006D37A8 /* PBXContainerItemProxy */ = {
			isa = PBXContainerItemProxy;
			containerPortal = B3D43E021D76C70E006D37A8 /* Project object */;
			proxyType = 1;
			remoteGlobalIDString = B3D43E091D76C70E006D37A8;
			remoteInfo = Jokkmokk;
		};
/* End PBXContainerItemProxy section */

/* Begin PBXFileReference section */
		B3C7A1B81D76E38F00C36904 /* IntegerToAscii.h */ = {isa = PBXFileReference; fileEncoding = 4; lastKnownFileType = sourcecode.c.h; name = IntegerToAscii.h; path = Problems/IntegerToAscii/IntegerToAscii.h; sourceTree = "<group>"; };
		B3C7A1B91D76E38F00C36904 /* IntegerToAscii.m */ = {isa = PBXFileReference; fileEncoding = 4; lastKnownFileType = sourcecode.c.objc; name = IntegerToAscii.m; path = Problems/IntegerToAscii/IntegerToAscii.m; sourceTree = "<group>"; };
		B3D43E0A1D76C70E006D37A8 /* Jokkmokk.app */ = {isa = PBXFileReference; explicitFileType = wrapper.application; includeInIndex = 0; path = Jokkmokk.app; sourceTree = BUILT_PRODUCTS_DIR; };
		B3D43E0E1D76C70E006D37A8 /* main.m */ = {isa = PBXFileReference; lastKnownFileType = sourcecode.c.objc; path = main.m; sourceTree = "<group>"; };
		B3D43E101D76C70E006D37A8 /* AppDelegate.h */ = {isa = PBXFileReference; lastKnownFileType = sourcecode.c.h; path = AppDelegate.h; sourceTree = "<group>"; };
		B3D43E111D76C70E006D37A8 /* AppDelegate.m */ = {isa = PBXFileReference; lastKnownFileType = sourcecode.c.objc; path = AppDelegate.m; sourceTree = "<group>"; };
		B3D43E131D76C70E006D37A8 /* ViewController.h */ = {isa = PBXFileReference; lastKnownFileType = sourcecode.c.h; path = ViewController.h; sourceTree = "<group>"; };
		B3D43E141D76C70E006D37A8 /* ViewController.m */ = {isa = PBXFileReference; lastKnownFileType = sourcecode.c.objc; path = ViewController.m; sourceTree = "<group>"; };
		B3D43E171D76C70E006D37A8 /* Base */ = {isa = PBXFileReference; lastKnownFileType = file.storyboard; name = Base; path = Base.lproj/Main.storyboard; sourceTree = "<group>"; };
		B3D43E191D76C70E006D37A8 /* Assets.xcassets */ = {isa = PBXFileReference; lastKnownFileType = folder.assetcatalog; path = Assets.xcassets; sourceTree = "<group>"; };
		B3D43E1C1D76C70E006D37A8 /* Base */ = {isa = PBXFileReference; lastKnownFileType = file.storyboard; name = Base; path = Base.lproj/LaunchScreen.storyboard; sourceTree = "<group>"; };
		B3D43E1E1D76C70E006D37A8 /* Info.plist */ = {isa = PBXFileReference; lastKnownFileType = text.plist.xml; path = Info.plist; sourceTree = "<group>"; };
		B3D43E2C1D76C94E006D37A8 /* StackProtocol.h */ = {isa = PBXFileReference; lastKnownFileType = sourcecode.c.h; name = StackProtocol.h; path = Problems/StackProtocol/StackProtocol.h; sourceTree = "<group>"; };
		B3D43E2E1D76C9A6006D37A8 /* Stack.h */ = {isa = PBXFileReference; fileEncoding = 4; lastKnownFileType = sourcecode.c.h; name = Stack.h; path = Problems/Stack/Stack.h; sourceTree = "<group>"; };
		B3D43E2F1D76C9A6006D37A8 /* Stack.m */ = {isa = PBXFileReference; fileEncoding = 4; lastKnownFileType = sourcecode.c.objc; name = Stack.m; path = Problems/Stack/Stack.m; sourceTree = "<group>"; };
		B3D43E321D76CB86006D37A8 /* BalancedParanthesises.h */ = {isa = PBXFileReference; fileEncoding = 4; lastKnownFileType = sourcecode.c.h; name = BalancedParanthesises.h; path = Problems/BalancedParanthesis/BalancedParanthesises.h; sourceTree = "<group>"; };
		B3D43E331D76CB86006D37A8 /* BalancedParanthesises.m */ = {isa = PBXFileReference; fileEncoding = 4; lastKnownFileType = sourcecode.c.objc; name = BalancedParanthesises.m; path = Problems/BalancedParanthesis/BalancedParanthesises.m; sourceTree = "<group>"; };
		B3D43E391D76D066006D37A8 /* JokkmokkTests.xctest */ = {isa = PBXFileReference; explicitFileType = wrapper.cfbundle; includeInIndex = 0; path = JokkmokkTests.xctest; sourceTree = BUILT_PRODUCTS_DIR; };
		B3D43E3B1D76D066006D37A8 /* JokkmokkBalancedParanthesisesTests.m */ = {isa = PBXFileReference; lastKnownFileType = sourcecode.c.objc; path = JokkmokkBalancedParanthesisesTests.m; sourceTree = "<group>"; };
		B3D43E3D1D76D066006D37A8 /* Info.plist */ = {isa = PBXFileReference; lastKnownFileType = text.plist.xml; path = Info.plist; sourceTree = "<group>"; };
		B3F2618D1D76E591006D0771 /* JokkmokkIntegerToAsciiTests.m */ = {isa = PBXFileReference; fileEncoding = 4; lastKnownFileType = sourcecode.c.objc; path = JokkmokkIntegerToAsciiTests.m; sourceTree = "<group>"; };
		B3F261901D76E7BB006D0771 /* Fibonacci.h */ = {isa = PBXFileReference; fileEncoding = 4; lastKnownFileType = sourcecode.c.h; name = Fibonacci.h; path = Problems/Fibonacci/Fibonacci.h; sourceTree = "<group>"; };
		B3F261911D76E7BB006D0771 /* Fibonacci.m */ = {isa = PBXFileReference; fileEncoding = 4; lastKnownFileType = sourcecode.c.objc; name = Fibonacci.m; path = Problems/Fibonacci/Fibonacci.m; sourceTree = "<group>"; };
		B3F261961D76E8F9006D0771 /* JokkmokkFibonacciTests.m */ = {isa = PBXFileReference; fileEncoding = 4; lastKnownFileType = sourcecode.c.objc; path = JokkmokkFibonacciTests.m; sourceTree = "<group>"; };
		B3F261991D76F5CE006D0771 /* SortUsers.h */ = {isa = PBXFileReference; fileEncoding = 4; lastKnownFileType = sourcecode.c.h; name = SortUsers.h; path = Problems/SortUsers/SortUsers.h; sourceTree = "<group>"; };
		B3F2619A1D76F5CE006D0771 /* SortUsers.m */ = {isa = PBXFileReference; fileEncoding = 4; lastKnownFileType = sourcecode.c.objc; name = SortUsers.m; path = Problems/SortUsers/SortUsers.m; sourceTree = "<group>"; };
		B3F2619E1D774DAD006D0771 /* JokkmokkSortUserTests.m */ = {isa = PBXFileReference; fileEncoding = 4; lastKnownFileType = sourcecode.c.objc; path = JokkmokkSortUserTests.m; sourceTree = "<group>"; };
/* End PBXFileReference section */

/* Begin PBXFrameworksBuildPhase section */
		B3D43E071D76C70E006D37A8 /* Frameworks */ = {
			isa = PBXFrameworksBuildPhase;
			buildActionMask = 2147483647;
			files = (
			);
			runOnlyForDeploymentPostprocessing = 0;
		};
		B3D43E361D76D066006D37A8 /* Frameworks */ = {
			isa = PBXFrameworksBuildPhase;
			buildActionMask = 2147483647;
			files = (
			);
			runOnlyForDeploymentPostprocessing = 0;
		};
/* End PBXFrameworksBuildPhase section */

/* Begin PBXGroup section */
		B3C7A1B71D76E24800C36904 /* IntegerToAscii */ = {
			isa = PBXGroup;
			children = (
				B3C7A1B81D76E38F00C36904 /* IntegerToAscii.h */,
				B3C7A1B91D76E38F00C36904 /* IntegerToAscii.m */,
			);
			name = IntegerToAscii;
			sourceTree = "<group>";
		};
		B3D43E011D76C70E006D37A8 = {
			isa = PBXGroup;
			children = (
				B3D43E0C1D76C70E006D37A8 /* Jokkmokk */,
				B3D43E3A1D76D066006D37A8 /* JokkmokkTests */,
				B3D43E0B1D76C70E006D37A8 /* Products */,
			);
			sourceTree = "<group>";
		};
		B3D43E0B1D76C70E006D37A8 /* Products */ = {
			isa = PBXGroup;
			children = (
				B3D43E0A1D76C70E006D37A8 /* Jokkmokk.app */,
				B3D43E391D76D066006D37A8 /* JokkmokkTests.xctest */,
			);
			name = Products;
			sourceTree = "<group>";
		};
		B3D43E0C1D76C70E006D37A8 /* Jokkmokk */ = {
			isa = PBXGroup;
			children = (
				B3D43E241D76C718006D37A8 /* Common */,
				B3D43E291D76C77C006D37A8 /* Problems */,
			);
			path = Jokkmokk;
			sourceTree = "<group>";
		};
		B3D43E0D1D76C70E006D37A8 /* Supporting Files */ = {
			isa = PBXGroup;
			children = (
				B3D43E1E1D76C70E006D37A8 /* Info.plist */,
				B3D43E0E1D76C70E006D37A8 /* main.m */,
			);
			path = "Supporting Files";
			sourceTree = "<group>";
		};
		B3D43E241D76C718006D37A8 /* Common */ = {
			isa = PBXGroup;
			children = (
				B3D43E101D76C70E006D37A8 /* AppDelegate.h */,
				B3D43E111D76C70E006D37A8 /* AppDelegate.m */,
				B3D43E261D76C737006D37A8 /* Assets */,
				B3D43E251D76C72D006D37A8 /* Scenes */,
				B3D43E271D76C73E006D37A8 /* Storyboards */,
				B3D43E0D1D76C70E006D37A8 /* Supporting Files */,
			);
			path = Common;
			sourceTree = "<group>";
		};
		B3D43E251D76C72D006D37A8 /* Scenes */ = {
			isa = PBXGroup;
			children = (
				B3D43E131D76C70E006D37A8 /* ViewController.h */,
				B3D43E141D76C70E006D37A8 /* ViewController.m */,
			);
			path = Scenes;
			sourceTree = "<group>";
		};
		B3D43E261D76C737006D37A8 /* Assets */ = {
			isa = PBXGroup;
			children = (
				B3D43E191D76C70E006D37A8 /* Assets.xcassets */,
			);
			path = Assets;
			sourceTree = "<group>";
		};
		B3D43E271D76C73E006D37A8 /* Storyboards */ = {
			isa = PBXGroup;
			children = (
				B3D43E161D76C70E006D37A8 /* Main.storyboard */,
				B3D43E1B1D76C70E006D37A8 /* LaunchScreen.storyboard */,
			);
			name = Storyboards;
			path = ../Base.lproj;
			sourceTree = "<group>";
		};
		B3D43E291D76C77C006D37A8 /* Problems */ = {
			isa = PBXGroup;
			children = (
				B3F261981D76F5AD006D0771 /* SortUsers */,
				B3F2618F1D76E7A9006D0771 /* Fibonacci */,
				B3C7A1B71D76E24800C36904 /* IntegerToAscii */,
				B3D43E311D76CB5F006D37A8 /* BalancedParanthesises */,
				B3D43E2D1D76C97F006D37A8 /* Stack */,
				B3D43E2B1D76C8DB006D37A8 /* StackProtocol */,
			);
			name = Problems;
			sourceTree = "<group>";
		};
		B3D43E2B1D76C8DB006D37A8 /* StackProtocol */ = {
			isa = PBXGroup;
			children = (
				B3D43E2C1D76C94E006D37A8 /* StackProtocol.h */,
			);
			name = StackProtocol;
			sourceTree = "<group>";
		};
		B3D43E2D1D76C97F006D37A8 /* Stack */ = {
			isa = PBXGroup;
			children = (
				B3D43E2E1D76C9A6006D37A8 /* Stack.h */,
				B3D43E2F1D76C9A6006D37A8 /* Stack.m */,
			);
			name = Stack;
			sourceTree = "<group>";
		};
		B3D43E311D76CB5F006D37A8 /* BalancedParanthesises */ = {
			isa = PBXGroup;
			children = (
				B3D43E321D76CB86006D37A8 /* BalancedParanthesises.h */,
				B3D43E331D76CB86006D37A8 /* BalancedParanthesises.m */,
			);
			name = BalancedParanthesises;
			sourceTree = "<group>";
		};
		B3D43E3A1D76D066006D37A8 /* JokkmokkTests */ = {
			isa = PBXGroup;
			children = (
				B3D43E3D1D76D066006D37A8 /* Info.plist */,
				B3D43E3B1D76D066006D37A8 /* JokkmokkBalancedParanthesisesTests.m */,
				B3F2618D1D76E591006D0771 /* JokkmokkIntegerToAsciiTests.m */,
				B3F261961D76E8F9006D0771 /* JokkmokkFibonacciTests.m */,
				B3F2619E1D774DAD006D0771 /* JokkmokkSortUserTests.m */,
			);
			path = JokkmokkTests;
			sourceTree = "<group>";
		};
		B3F2618F1D76E7A9006D0771 /* Fibonacci */ = {
			isa = PBXGroup;
			children = (
				B3F261901D76E7BB006D0771 /* Fibonacci.h */,
				B3F261911D76E7BB006D0771 /* Fibonacci.m */,
			);
			name = Fibonacci;
			sourceTree = "<group>";
		};
		B3F261981D76F5AD006D0771 /* SortUsers */ = {
			isa = PBXGroup;
			children = (
				B3F261991D76F5CE006D0771 /* SortUsers.h */,
				B3F2619A1D76F5CE006D0771 /* SortUsers.m */,
			);
			name = SortUsers;
			sourceTree = "<group>";
		};
/* End PBXGroup section */

/* Begin PBXNativeTarget section */
		B3D43E091D76C70E006D37A8 /* Jokkmokk */ = {
			isa = PBXNativeTarget;
			buildConfigurationList = B3D43E211D76C70E006D37A8 /* Build configuration list for PBXNativeTarget "Jokkmokk" */;
			buildPhases = (
				B3D43E061D76C70E006D37A8 /* Sources */,
				B3D43E071D76C70E006D37A8 /* Frameworks */,
				B3D43E081D76C70E006D37A8 /* Resources */,
			);
			buildRules = (
			);
			dependencies = (
			);
			name = Jokkmokk;
			productName = Jokkmokk;
			productReference = B3D43E0A1D76C70E006D37A8 /* Jokkmokk.app */;
			productType = "com.apple.product-type.application";
		};
		B3D43E381D76D066006D37A8 /* JokkmokkTests */ = {
			isa = PBXNativeTarget;
			buildConfigurationList = B3D43E401D76D066006D37A8 /* Build configuration list for PBXNativeTarget "JokkmokkTests" */;
			buildPhases = (
				B3D43E351D76D066006D37A8 /* Sources */,
				B3D43E361D76D066006D37A8 /* Frameworks */,
				B3D43E371D76D066006D37A8 /* Resources */,
			);
			buildRules = (
			);
			dependencies = (
				B3D43E3F1D76D066006D37A8 /* PBXTargetDependency */,
			);
			name = JokkmokkTests;
			productName = JokkmokkTests;
			productReference = B3D43E391D76D066006D37A8 /* JokkmokkTests.xctest */;
			productType = "com.apple.product-type.bundle.unit-test";
		};
/* End PBXNativeTarget section */

/* Begin PBXProject section */
		B3D43E021D76C70E006D37A8 /* Project object */ = {
			isa = PBXProject;
			attributes = {
				LastUpgradeCheck = 0730;
				ORGANIZATIONNAME = "Muhammed Said Özcan";
				TargetAttributes = {
					B3D43E091D76C70E006D37A8 = {
						CreatedOnToolsVersion = 7.3;
					};
					B3D43E381D76D066006D37A8 = {
						CreatedOnToolsVersion = 7.3;
						TestTargetID = B3D43E091D76C70E006D37A8;
					};
				};
			};
			buildConfigurationList = B3D43E051D76C70E006D37A8 /* Build configuration list for PBXProject "Jokkmokk" */;
			compatibilityVersion = "Xcode 3.2";
			developmentRegion = English;
			hasScannedForEncodings = 0;
			knownRegions = (
				en,
				Base,
			);
			mainGroup = B3D43E011D76C70E006D37A8;
			productRefGroup = B3D43E0B1D76C70E006D37A8 /* Products */;
			projectDirPath = "";
			projectRoot = "";
			targets = (
				B3D43E091D76C70E006D37A8 /* Jokkmokk */,
				B3D43E381D76D066006D37A8 /* JokkmokkTests */,
			);
		};
/* End PBXProject section */

/* Begin PBXResourcesBuildPhase section */
		B3D43E081D76C70E006D37A8 /* Resources */ = {
			isa = PBXResourcesBuildPhase;
			buildActionMask = 2147483647;
			files = (
				B3D43E1D1D76C70E006D37A8 /* LaunchScreen.storyboard in Resources */,
				B3D43E1A1D76C70E006D37A8 /* Assets.xcassets in Resources */,
				B3D43E181D76C70E006D37A8 /* Main.storyboard in Resources */,
			);
			runOnlyForDeploymentPostprocessing = 0;
		};
		B3D43E371D76D066006D37A8 /* Resources */ = {
			isa = PBXResourcesBuildPhase;
			buildActionMask = 2147483647;
			files = (
			);
			runOnlyForDeploymentPostprocessing = 0;
		};
/* End PBXResourcesBuildPhase section */

/* Begin PBXSourcesBuildPhase section */
		B3D43E061D76C70E006D37A8 /* Sources */ = {
			isa = PBXSourcesBuildPhase;
			buildActionMask = 2147483647;
			files = (
				B3F2619B1D76F5CE006D0771 /* SortUsers.m in Sources */,
				B3D43E301D76C9A6006D37A8 /* Stack.m in Sources */,
				B3D43E151D76C70E006D37A8 /* ViewController.m in Sources */,
				B3D43E121D76C70E006D37A8 /* AppDelegate.m in Sources */,
				B3F261921D76E7BB006D0771 /* Fibonacci.m in Sources */,
				B3C7A1BA1D76E38F00C36904 /* IntegerToAscii.m in Sources */,
				B3D43E341D76CB86006D37A8 /* BalancedParanthesises.m in Sources */,
				B3D43E0F1D76C70E006D37A8 /* main.m in Sources */,
			);
			runOnlyForDeploymentPostprocessing = 0;
		};
		B3D43E351D76D066006D37A8 /* Sources */ = {
			isa = PBXSourcesBuildPhase;
			buildActionMask = 2147483647;
			files = (
				B3F2618E1D76E591006D0771 /* JokkmokkIntegerToAsciiTests.m in Sources */,
				B3F2619F1D774DAD006D0771 /* JokkmokkSortUserTests.m in Sources */,
				B3D43E3C1D76D066006D37A8 /* JokkmokkBalancedParanthesisesTests.m in Sources */,
				B3F261971D76E8F9006D0771 /* JokkmokkFibonacciTests.m in Sources */,
			);
			runOnlyForDeploymentPostprocessing = 0;
		};
/* End PBXSourcesBuildPhase section */

/* Begin PBXTargetDependency section */
		B3D43E3F1D76D066006D37A8 /* PBXTargetDependency */ = {
			isa = PBXTargetDependency;
			target = B3D43E091D76C70E006D37A8 /* Jokkmokk */;
			targetProxy = B3D43E3E1D76D066006D37A8 /* PBXContainerItemProxy */;
		};
/* End PBXTargetDependency section */

/* Begin PBXVariantGroup section */
		B3D43E161D76C70E006D37A8 /* Main.storyboard */ = {
			isa = PBXVariantGroup;
			children = (
				B3D43E171D76C70E006D37A8 /* Base */,
			);
			name = Main.storyboard;
			path = ..;
			sourceTree = "<group>";
		};
		B3D43E1B1D76C70E006D37A8 /* LaunchScreen.storyboard */ = {
			isa = PBXVariantGroup;
			children = (
				B3D43E1C1D76C70E006D37A8 /* Base */,
			);
			name = LaunchScreen.storyboard;
			path = ..;
			sourceTree = "<group>";
		};
/* End PBXVariantGroup section */

/* Begin XCBuildConfiguration section */
		B3D43E1F1D76C70E006D37A8 /* Debug */ = {
			isa = XCBuildConfiguration;
			buildSettings = {
				ALWAYS_SEARCH_USER_PATHS = NO;
				CLANG_ANALYZER_NONNULL = YES;
				CLANG_CXX_LANGUAGE_STANDARD = "gnu++0x";
				CLANG_CXX_LIBRARY = "libc++";
				CLANG_ENABLE_MODULES = YES;
				CLANG_ENABLE_OBJC_ARC = YES;
				CLANG_WARN_BOOL_CONVERSION = YES;
				CLANG_WARN_CONSTANT_CONVERSION = YES;
				CLANG_WARN_DIRECT_OBJC_ISA_USAGE = YES_ERROR;
				CLANG_WARN_EMPTY_BODY = YES;
				CLANG_WARN_ENUM_CONVERSION = YES;
				CLANG_WARN_INT_CONVERSION = YES;
				CLANG_WARN_OBJC_ROOT_CLASS = YES_ERROR;
				CLANG_WARN_UNREACHABLE_CODE = YES;
				CLANG_WARN__DUPLICATE_METHOD_MATCH = YES;
				"CODE_SIGN_IDENTITY[sdk=iphoneos*]" = "iPhone Developer";
				COPY_PHASE_STRIP = NO;
				DEBUG_INFORMATION_FORMAT = dwarf;
				ENABLE_STRICT_OBJC_MSGSEND = YES;
				ENABLE_TESTABILITY = YES;
				GCC_C_LANGUAGE_STANDARD = gnu99;
				GCC_DYNAMIC_NO_PIC = NO;
				GCC_NO_COMMON_BLOCKS = YES;
				GCC_OPTIMIZATION_LEVEL = 0;
				GCC_PREPROCESSOR_DEFINITIONS = (
					"DEBUG=1",
					"$(inherited)",
				);
				GCC_WARN_64_TO_32_BIT_CONVERSION = YES;
				GCC_WARN_ABOUT_RETURN_TYPE = YES_ERROR;
				GCC_WARN_UNDECLARED_SELECTOR = YES;
				GCC_WARN_UNINITIALIZED_AUTOS = YES_AGGRESSIVE;
				GCC_WARN_UNUSED_FUNCTION = YES;
				GCC_WARN_UNUSED_VARIABLE = YES;
				IPHONEOS_DEPLOYMENT_TARGET = 9.3;
				MTL_ENABLE_DEBUG_INFO = YES;
				ONLY_ACTIVE_ARCH = YES;
				SDKROOT = iphoneos;
			};
			name = Debug;
		};
		B3D43E201D76C70E006D37A8 /* Release */ = {
			isa = XCBuildConfiguration;
			buildSettings = {
				ALWAYS_SEARCH_USER_PATHS = NO;
				CLANG_ANALYZER_NONNULL = YES;
				CLANG_CXX_LANGUAGE_STANDARD = "gnu++0x";
				CLANG_CXX_LIBRARY = "libc++";
				CLANG_ENABLE_MODULES = YES;
				CLANG_ENABLE_OBJC_ARC = YES;
				CLANG_WARN_BOOL_CONVERSION = YES;
				CLANG_WARN_CONSTANT_CONVERSION = YES;
				CLANG_WARN_DIRECT_OBJC_ISA_USAGE = YES_ERROR;
				CLANG_WARN_EMPTY_BODY = YES;
				CLANG_WARN_ENUM_CONVERSION = YES;
				CLANG_WARN_INT_CONVERSION = YES;
				CLANG_WARN_OBJC_ROOT_CLASS = YES_ERROR;
				CLANG_WARN_UNREACHABLE_CODE = YES;
				CLANG_WARN__DUPLICATE_METHOD_MATCH = YES;
				"CODE_SIGN_IDENTITY[sdk=iphoneos*]" = "iPhone Developer";
				COPY_PHASE_STRIP = NO;
				DEBUG_INFORMATION_FORMAT = "dwarf-with-dsym";
				ENABLE_NS_ASSERTIONS = NO;
				ENABLE_STRICT_OBJC_MSGSEND = YES;
				GCC_C_LANGUAGE_STANDARD = gnu99;
				GCC_NO_COMMON_BLOCKS = YES;
				GCC_WARN_64_TO_32_BIT_CONVERSION = YES;
				GCC_WARN_ABOUT_RETURN_TYPE = YES_ERROR;
				GCC_WARN_UNDECLARED_SELECTOR = YES;
				GCC_WARN_UNINITIALIZED_AUTOS = YES_AGGRESSIVE;
				GCC_WARN_UNUSED_FUNCTION = YES;
				GCC_WARN_UNUSED_VARIABLE = YES;
				IPHONEOS_DEPLOYMENT_TARGET = 9.3;
				MTL_ENABLE_DEBUG_INFO = NO;
				SDKROOT = iphoneos;
				VALIDATE_PRODUCT = YES;
			};
			name = Release;
		};
		B3D43E221D76C70E006D37A8 /* Debug */ = {
			isa = XCBuildConfiguration;
			buildSettings = {
				ASSETCATALOG_COMPILER_APPICON_NAME = AppIcon;
				INFOPLIST_FILE = "Jokkmokk/Common/Supporting Files/Info.plist";
				LD_RUNPATH_SEARCH_PATHS = "$(inherited) @executable_path/Frameworks";
				PRODUCT_BUNDLE_IDENTIFIER = co.saidozcan.Jokkmokk;
				PRODUCT_NAME = "$(TARGET_NAME)";
			};
			name = Debug;
		};
		B3D43E231D76C70E006D37A8 /* Release */ = {
			isa = XCBuildConfiguration;
			buildSettings = {
				ASSETCATALOG_COMPILER_APPICON_NAME = AppIcon;
				INFOPLIST_FILE = "Jokkmokk/Common/Supporting Files/Info.plist";
				LD_RUNPATH_SEARCH_PATHS = "$(inherited) @executable_path/Frameworks";
				PRODUCT_BUNDLE_IDENTIFIER = co.saidozcan.Jokkmokk;
				PRODUCT_NAME = "$(TARGET_NAME)";
			};
			name = Release;
		};
		B3D43E411D76D066006D37A8 /* Debug */ = {
			isa = XCBuildConfiguration;
			buildSettings = {
				BUNDLE_LOADER = "$(TEST_HOST)";
				INFOPLIST_FILE = JokkmokkTests/Info.plist;
				LD_RUNPATH_SEARCH_PATHS = "$(inherited) @executable_path/Frameworks @loader_path/Frameworks";
				PRODUCT_BUNDLE_IDENTIFIER = co.saidozcan.JokkmokkTests;
				PRODUCT_NAME = "$(TARGET_NAME)";
				TEST_HOST = "$(BUILT_PRODUCTS_DIR)/Jokkmokk.app/Jokkmokk";
			};
			name = Debug;
		};
		B3D43E421D76D066006D37A8 /* Release */ = {
			isa = XCBuildConfiguration;
			buildSettings = {
				BUNDLE_LOADER = "$(TEST_HOST)";
				INFOPLIST_FILE = JokkmokkTests/Info.plist;
				LD_RUNPATH_SEARCH_PATHS = "$(inherited) @executable_path/Frameworks @loader_path/Frameworks";
				PRODUCT_BUNDLE_IDENTIFIER = co.saidozcan.JokkmokkTests;
				PRODUCT_NAME = "$(TARGET_NAME)";
				TEST_HOST = "$(BUILT_PRODUCTS_DIR)/Jokkmokk.app/Jokkmokk";
			};
			name = Release;
		};
/* End XCBuildConfiguration section */

/* Begin XCConfigurationList section */
		B3D43E051D76C70E006D37A8 /* Build configuration list for PBXProject "Jokkmokk" */ = {
			isa = XCConfigurationList;
			buildConfigurations = (
				B3D43E1F1D76C70E006D37A8 /* Debug */,
				B3D43E201D76C70E006D37A8 /* Release */,
			);
			defaultConfigurationIsVisible = 0;
			defaultConfigurationName = Release;
		};
		B3D43E211D76C70E006D37A8 /* Build configuration list for PBXNativeTarget "Jokkmokk" */ = {
			isa = XCConfigurationList;
			buildConfigurations = (
				B3D43E221D76C70E006D37A8 /* Debug */,
				B3D43E231D76C70E006D37A8 /* Release */,
			);
			defaultConfigurationIsVisible = 0;
			defaultConfigurationName = Release;
		};
		B3D43E401D76D066006D37A8 /* Build configuration list for PBXNativeTarget "JokkmokkTests" */ = {
			isa = XCConfigurationList;
			buildConfigurations = (
				B3D43E411D76D066006D37A8 /* Debug */,
				B3D43E421D76D066006D37A8 /* Release */,
			);
			defaultConfigurationIsVisible = 0;
			defaultConfigurationName = Release;
		};
/* End XCConfigurationList section */
	};
	rootObject = B3D43E021D76C70E006D37A8 /* Project object */;
}
